// !$*UTF8*$!
{
	archiveVersion = 1;
	classes = {
	};
	objectVersion = 56;
	objects = {

/* Begin PBXBuildFile section */
		E5DB1B352C61422E009CB7B6 /* RecipeAppApp.swift in Sources */ = {isa = PBXBuildFile; fileRef = E5DB1B342C61422E009CB7B6 /* RecipeAppApp.swift */; };
		E5DB1B392C614230009CB7B6 /* Assets.xcassets in Resources */ = {isa = PBXBuildFile; fileRef = E5DB1B382C614230009CB7B6 /* Assets.xcassets */; };
		E5DB1B3C2C614230009CB7B6 /* Preview Assets.xcassets in Resources */ = {isa = PBXBuildFile; fileRef = E5DB1B3B2C614230009CB7B6 /* Preview Assets.xcassets */; };
		E5DB1B3E2C614230009CB7B6 /* Persistence.swift in Sources */ = {isa = PBXBuildFile; fileRef = E5DB1B3D2C614230009CB7B6 /* Persistence.swift */; };
		E5DB1B412C614230009CB7B6 /* RecipeApp.xcdatamodeld in Sources */ = {isa = PBXBuildFile; fileRef = E5DB1B3F2C614230009CB7B6 /* RecipeApp.xcdatamodeld */; };
		E5DB1B4E2C61432B009CB7B6 /* MainPage.swift in Sources */ = {isa = PBXBuildFile; fileRef = E5DB1B4D2C61432B009CB7B6 /* MainPage.swift */; };
		E5DB1B532C614414009CB7B6 /* SplashScreen.swift in Sources */ = {isa = PBXBuildFile; fileRef = E5DB1B522C614414009CB7B6 /* SplashScreen.swift */; };
		E5DB1B552C61441C009CB7B6 /* Home.swift in Sources */ = {isa = PBXBuildFile; fileRef = E5DB1B542C61441C009CB7B6 /* Home.swift */; };
		E5DB1B572C614931009CB7B6 /* MealModel.swift in Sources */ = {isa = PBXBuildFile; fileRef = E5DB1B562C614931009CB7B6 /* MealModel.swift */; };
		E5DB1B592C614A8F009CB7B6 /* SingleModel.swift in Sources */ = {isa = PBXBuildFile; fileRef = E5DB1B582C614A8F009CB7B6 /* SingleModel.swift */; };
/* End PBXBuildFile section */

/* Begin PBXFileReference section */
		E5DB1B312C61422E009CB7B6 /* RecipeApp.app */ = {isa = PBXFileReference; explicitFileType = wrapper.application; includeInIndex = 0; path = RecipeApp.app; sourceTree = BUILT_PRODUCTS_DIR; };
		E5DB1B342C61422E009CB7B6 /* RecipeAppApp.swift */ = {isa = PBXFileReference; lastKnownFileType = sourcecode.swift; path = RecipeAppApp.swift; sourceTree = "<group>"; };
		E5DB1B382C614230009CB7B6 /* Assets.xcassets */ = {isa = PBXFileReference; lastKnownFileType = folder.assetcatalog; path = Assets.xcassets; sourceTree = "<group>"; };
		E5DB1B3B2C614230009CB7B6 /* Preview Assets.xcassets */ = {isa = PBXFileReference; lastKnownFileType = folder.assetcatalog; path = "Preview Assets.xcassets"; sourceTree = "<group>"; };
		E5DB1B3D2C614230009CB7B6 /* Persistence.swift */ = {isa = PBXFileReference; lastKnownFileType = sourcecode.swift; path = Persistence.swift; sourceTree = "<group>"; };
		E5DB1B402C614230009CB7B6 /* RecipeApp.xcdatamodel */ = {isa = PBXFileReference; lastKnownFileType = wrapper.xcdatamodel; path = RecipeApp.xcdatamodel; sourceTree = "<group>"; };
		E5DB1B4D2C61432B009CB7B6 /* MainPage.swift */ = {isa = PBXFileReference; lastKnownFileType = sourcecode.swift; path = MainPage.swift; sourceTree = "<group>"; };
		E5DB1B522C614414009CB7B6 /* SplashScreen.swift */ = {isa = PBXFileReference; lastKnownFileType = sourcecode.swift; path = SplashScreen.swift; sourceTree = "<group>"; };
		E5DB1B542C61441C009CB7B6 /* Home.swift */ = {isa = PBXFileReference; lastKnownFileType = sourcecode.swift; path = Home.swift; sourceTree = "<group>"; };
		E5DB1B562C614931009CB7B6 /* MealModel.swift */ = {isa = PBXFileReference; lastKnownFileType = sourcecode.swift; path = MealModel.swift; sourceTree = "<group>"; };
		E5DB1B582C614A8F009CB7B6 /* SingleModel.swift */ = {isa = PBXFileReference; lastKnownFileType = sourcecode.swift; path = SingleModel.swift; sourceTree = "<group>"; };
/* End PBXFileReference section */

/* Begin PBXFrameworksBuildPhase section */
		E5DB1B2E2C61422E009CB7B6 /* Frameworks */ = {
			isa = PBXFrameworksBuildPhase;
			buildActionMask = 2147483647;
			files = (
			);
			runOnlyForDeploymentPostprocessing = 0;
		};
/* End PBXFrameworksBuildPhase section */

/* Begin PBXGroup section */
		E5DB1B282C61422E009CB7B6 = {
			isa = PBXGroup;
			children = (
				E5DB1B332C61422E009CB7B6 /* RecipeApp */,
				E5DB1B322C61422E009CB7B6 /* Products */,
			);
			sourceTree = "<group>";
		};
		E5DB1B322C61422E009CB7B6 /* Products */ = {
			isa = PBXGroup;
			children = (
				E5DB1B312C61422E009CB7B6 /* RecipeApp.app */,
			);
			name = Products;
			sourceTree = "<group>";
		};
		E5DB1B332C61422E009CB7B6 /* RecipeApp */ = {
			isa = PBXGroup;
			children = (
				E5DB1B4A2C6142DA009CB7B6 /* Screen */,
				E5DB1B492C6142D3009CB7B6 /* ViewModel */,
				E5DB1B482C6142C8009CB7B6 /* Model */,
				E5DB1B472C6142B4009CB7B6 /* Services */,
				E5DB1B342C61422E009CB7B6 /* RecipeAppApp.swift */,
				E5DB1B382C614230009CB7B6 /* Assets.xcassets */,
				E5DB1B3D2C614230009CB7B6 /* Persistence.swift */,
				E5DB1B3F2C614230009CB7B6 /* RecipeApp.xcdatamodeld */,
				E5DB1B3A2C614230009CB7B6 /* Preview Content */,
			);
			path = RecipeApp;
			sourceTree = "<group>";
		};
		E5DB1B3A2C614230009CB7B6 /* Preview Content */ = {
			isa = PBXGroup;
			children = (
				E5DB1B3B2C614230009CB7B6 /* Preview Assets.xcassets */,
			);
			path = "Preview Content";
			sourceTree = "<group>";
		};
		E5DB1B472C6142B4009CB7B6 /* Services */ = {
			isa = PBXGroup;
			children = (
			);
			path = Services;
			sourceTree = "<group>";
		};
		E5DB1B482C6142C8009CB7B6 /* Model */ = {
			isa = PBXGroup;
			children = (
			);
			path = Model;
			sourceTree = "<group>";
		};
		E5DB1B492C6142D3009CB7B6 /* ViewModel */ = {
			isa = PBXGroup;
			children = (
				E5DB1B562C614931009CB7B6 /* MealModel.swift */,
				E5DB1B582C614A8F009CB7B6 /* SingleModel.swift */,
			);
			path = ViewModel;
			sourceTree = "<group>";
		};
		E5DB1B4A2C6142DA009CB7B6 /* Screen */ = {
			isa = PBXGroup;
			children = (
				E5DB1B512C6143DE009CB7B6 /* Home */,
				E5DB1B502C6143B5009CB7B6 /* MainPage */,
				E5DB1B4F2C61439B009CB7B6 /* SplashScreen */,
			);
			path = Screen;
			sourceTree = "<group>";
		};
		E5DB1B4F2C61439B009CB7B6 /* SplashScreen */ = {
			isa = PBXGroup;
			children = (
				E5DB1B522C614414009CB7B6 /* SplashScreen.swift */,
			);
			path = SplashScreen;
			sourceTree = "<group>";
		};
		E5DB1B502C6143B5009CB7B6 /* MainPage */ = {
			isa = PBXGroup;
			children = (
				E5DB1B4D2C61432B009CB7B6 /* MainPage.swift */,
			);
			path = MainPage;
			sourceTree = "<group>";
		};
		E5DB1B512C6143DE009CB7B6 /* Home */ = {
			isa = PBXGroup;
			children = (
				E5DB1B542C61441C009CB7B6 /* Home.swift */,
			);
			path = Home;
			sourceTree = "<group>";
		};
/* End PBXGroup section */

/* Begin PBXNativeTarget section */
		E5DB1B302C61422E009CB7B6 /* RecipeApp */ = {
			isa = PBXNativeTarget;
			buildConfigurationList = E5DB1B442C614230009CB7B6 /* Build configuration list for PBXNativeTarget "RecipeApp" */;
			buildPhases = (
				E5DB1B2D2C61422E009CB7B6 /* Sources */,
				E5DB1B2E2C61422E009CB7B6 /* Frameworks */,
				E5DB1B2F2C61422E009CB7B6 /* Resources */,
			);
			buildRules = (
			);
			dependencies = (
			);
			name = RecipeApp;
			productName = RecipeApp;
			productReference = E5DB1B312C61422E009CB7B6 /* RecipeApp.app */;
			productType = "com.apple.product-type.application";
		};
/* End PBXNativeTarget section */

/* Begin PBXProject section */
		E5DB1B292C61422E009CB7B6 /* Project object */ = {
			isa = PBXProject;
			attributes = {
				BuildIndependentTargetsInParallel = 1;
				LastSwiftUpdateCheck = 1540;
				LastUpgradeCheck = 1540;
				TargetAttributes = {
					E5DB1B302C61422E009CB7B6 = {
						CreatedOnToolsVersion = 15.4;
					};
				};
			};
			buildConfigurationList = E5DB1B2C2C61422E009CB7B6 /* Build configuration list for PBXProject "RecipeApp" */;
			compatibilityVersion = "Xcode 14.0";
			developmentRegion = en;
			hasScannedForEncodings = 0;
			knownRegions = (
				en,
				Base,
			);
			mainGroup = E5DB1B282C61422E009CB7B6;
			productRefGroup = E5DB1B322C61422E009CB7B6 /* Products */;
			projectDirPath = "";
			projectRoot = "";
			targets = (
				E5DB1B302C61422E009CB7B6 /* RecipeApp */,
			);
		};
/* End PBXProject section */

/* Begin PBXResourcesBuildPhase section */
		E5DB1B2F2C61422E009CB7B6 /* Resources */ = {
			isa = PBXResourcesBuildPhase;
			buildActionMask = 2147483647;
			files = (
				E5DB1B3C2C614230009CB7B6 /* Preview Assets.xcassets in Resources */,
				E5DB1B392C614230009CB7B6 /* Assets.xcassets in Resources */,
			);
			runOnlyForDeploymentPostprocessing = 0;
		};
/* End PBXResourcesBuildPhase section */

/* Begin PBXSourcesBuildPhase section */
		E5DB1B2D2C61422E009CB7B6 /* Sources */ = {
			isa = PBXSourcesBuildPhase;
			buildActionMask = 2147483647;
			files = (
				E5DB1B572C614931009CB7B6 /* MealModel.swift in Sources */,
				E5DB1B532C614414009CB7B6 /* SplashScreen.swift in Sources */,
				E5DB1B592C614A8F009CB7B6 /* SingleModel.swift in Sources */,
				E5DB1B4E2C61432B009CB7B6 /* MainPage.swift in Sources */,
				E5DB1B3E2C614230009CB7B6 /* Persistence.swift in Sources */,
				E5DB1B352C61422E009CB7B6 /* RecipeAppApp.swift in Sources */,
				E5DB1B552C61441C009CB7B6 /* Home.swift in Sources */,
				E5DB1B412C614230009CB7B6 /* RecipeApp.xcdatamodeld in Sources */,
			);
			runOnlyForDeploymentPostprocessing = 0;
		};
/* End PBXSourcesBuildPhase section */

/* Begin XCBuildConfiguration section */
		E5DB1B422C614230009CB7B6 /* Debug */ = {
			isa = XCBuildConfiguration;
			buildSettings = {
				ALWAYS_SEARCH_USER_PATHS = NO;
				ASSETCATALOG_COMPILER_GENERATE_SWIFT_ASSET_SYMBOL_EXTENSIONS = YES;
				CLANG_ANALYZER_NONNULL = YES;
				CLANG_ANALYZER_NUMBER_OBJECT_CONVERSION = YES_AGGRESSIVE;
				CLANG_CXX_LANGUAGE_STANDARD = "gnu++20";
				CLANG_ENABLE_MODULES = YES;
				CLANG_ENABLE_OBJC_ARC = YES;
				CLANG_ENABLE_OBJC_WEAK = YES;
				CLANG_WARN_BLOCK_CAPTURE_AUTORELEASING = YES;
				CLANG_WARN_BOOL_CONVERSION = YES;
				CLANG_WARN_COMMA = YES;
				CLANG_WARN_CONSTANT_CONVERSION = YES;
				CLANG_WARN_DEPRECATED_OBJC_IMPLEMENTATIONS = YES;
				CLANG_WARN_DIRECT_OBJC_ISA_USAGE = YES_ERROR;
				CLANG_WARN_DOCUMENTATION_COMMENTS = YES;
				CLANG_WARN_EMPTY_BODY = YES;
				CLANG_WARN_ENUM_CONVERSION = YES;
				CLANG_WARN_INFINITE_RECURSION = YES;
				CLANG_WARN_INT_CONVERSION = YES;
				CLANG_WARN_NON_LITERAL_NULL_CONVERSION = YES;
				CLANG_WARN_OBJC_IMPLICIT_RETAIN_SELF = YES;
				CLANG_WARN_OBJC_LITERAL_CONVERSION = YES;
				CLANG_WARN_OBJC_ROOT_CLASS = YES_ERROR;
				CLANG_WARN_QUOTED_INCLUDE_IN_FRAMEWORK_HEADER = YES;
				CLANG_WARN_RANGE_LOOP_ANALYSIS = YES;
				CLANG_WARN_STRICT_PROTOTYPES = YES;
				CLANG_WARN_SUSPICIOUS_MOVE = YES;
				CLANG_WARN_UNGUARDED_AVAILABILITY = YES_AGGRESSIVE;
				CLANG_WARN_UNREACHABLE_CODE = YES;
				CLANG_WARN__DUPLICATE_METHOD_MATCH = YES;
				COPY_PHASE_STRIP = NO;
				DEBUG_INFORMATION_FORMAT = dwarf;
				ENABLE_STRICT_OBJC_MSGSEND = YES;
				ENABLE_TESTABILITY = YES;
				ENABLE_USER_SCRIPT_SANDBOXING = YES;
				GCC_C_LANGUAGE_STANDARD = gnu17;
				GCC_DYNAMIC_NO_PIC = NO;
				GCC_NO_COMMON_BLOCKS = YES;
				GCC_OPTIMIZATION_LEVEL = 0;
				GCC_PREPROCESSOR_DEFINITIONS = (
					"DEBUG=1",
					"$(inherited)",
				);
				GCC_WARN_64_TO_32_BIT_CONVERSION = YES;
				GCC_WARN_ABOUT_RETURN_TYPE = YES_ERROR;
				GCC_WARN_UNDECLARED_SELECTOR = YES;
				GCC_WARN_UNINITIALIZED_AUTOS = YES_AGGRESSIVE;
				GCC_WARN_UNUSED_FUNCTION = YES;
				GCC_WARN_UNUSED_VARIABLE = YES;
				IPHONEOS_DEPLOYMENT_TARGET = 17.5;
				LOCALIZATION_PREFERS_STRING_CATALOGS = YES;
				MTL_ENABLE_DEBUG_INFO = INCLUDE_SOURCE;
				MTL_FAST_MATH = YES;
				ONLY_ACTIVE_ARCH = YES;
				SDKROOT = iphoneos;
				SWIFT_ACTIVE_COMPILATION_CONDITIONS = "DEBUG $(inherited)";
				SWIFT_OPTIMIZATION_LEVEL = "-Onone";
			};
			name = Debug;
		};
		E5DB1B432C614230009CB7B6 /* Release */ = {
			isa = XCBuildConfiguration;
			buildSettings = {
				ALWAYS_SEARCH_USER_PATHS = NO;
				ASSETCATALOG_COMPILER_GENERATE_SWIFT_ASSET_SYMBOL_EXTENSIONS = YES;
				CLANG_ANALYZER_NONNULL = YES;
				CLANG_ANALYZER_NUMBER_OBJECT_CONVERSION = YES_AGGRESSIVE;
				CLANG_CXX_LANGUAGE_STANDARD = "gnu++20";
				CLANG_ENABLE_MODULES = YES;
				CLANG_ENABLE_OBJC_ARC = YES;
				CLANG_ENABLE_OBJC_WEAK = YES;
				CLANG_WARN_BLOCK_CAPTURE_AUTORELEASING = YES;
				CLANG_WARN_BOOL_CONVERSION = YES;
				CLANG_WARN_COMMA = YES;
				CLANG_WARN_CONSTANT_CONVERSION = YES;
				CLANG_WARN_DEPRECATED_OBJC_IMPLEMENTATIONS = YES;
				CLANG_WARN_DIRECT_OBJC_ISA_USAGE = YES_ERROR;
				CLANG_WARN_DOCUMENTATION_COMMENTS = YES;
				CLANG_WARN_EMPTY_BODY = YES;
				CLANG_WARN_ENUM_CONVERSION = YES;
				CLANG_WARN_INFINITE_RECURSION = YES;
				CLANG_WARN_INT_CONVERSION = YES;
				CLANG_WARN_NON_LITERAL_NULL_CONVERSION = YES;
				CLANG_WARN_OBJC_IMPLICIT_RETAIN_SELF = YES;
				CLANG_WARN_OBJC_LITERAL_CONVERSION = YES;
				CLANG_WARN_OBJC_ROOT_CLASS = YES_ERROR;
				CLANG_WARN_QUOTED_INCLUDE_IN_FRAMEWORK_HEADER = YES;
				CLANG_WARN_RANGE_LOOP_ANALYSIS = YES;
				CLANG_WARN_STRICT_PROTOTYPES = YES;
				CLANG_WARN_SUSPICIOUS_MOVE = YES;
				CLANG_WARN_UNGUARDED_AVAILABILITY = YES_AGGRESSIVE;
				CLANG_WARN_UNREACHABLE_CODE = YES;
				CLANG_WARN__DUPLICATE_METHOD_MATCH = YES;
				COPY_PHASE_STRIP = NO;
				DEBUG_INFORMATION_FORMAT = "dwarf-with-dsym";
				ENABLE_NS_ASSERTIONS = NO;
				ENABLE_STRICT_OBJC_MSGSEND = YES;
				ENABLE_USER_SCRIPT_SANDBOXING = YES;
				GCC_C_LANGUAGE_STANDARD = gnu17;
				GCC_NO_COMMON_BLOCKS = YES;
				GCC_WARN_64_TO_32_BIT_CONVERSION = YES;
				GCC_WARN_ABOUT_RETURN_TYPE = YES_ERROR;
				GCC_WARN_UNDECLARED_SELECTOR = YES;
				GCC_WARN_UNINITIALIZED_AUTOS = YES_AGGRESSIVE;
				GCC_WARN_UNUSED_FUNCTION = YES;
				GCC_WARN_UNUSED_VARIABLE = YES;
				IPHONEOS_DEPLOYMENT_TARGET = 17.5;
				LOCALIZATION_PREFERS_STRING_CATALOGS = YES;
				MTL_ENABLE_DEBUG_INFO = NO;
				MTL_FAST_MATH = YES;
				SDKROOT = iphoneos;
				SWIFT_COMPILATION_MODE = wholemodule;
				VALIDATE_PRODUCT = YES;
			};
			name = Release;
		};
		E5DB1B452C614230009CB7B6 /* Debug */ = {
			isa = XCBuildConfiguration;
			buildSettings = {
				ASSETCATALOG_COMPILER_APPICON_NAME = AppIcon;
				ASSETCATALOG_COMPILER_GLOBAL_ACCENT_COLOR_NAME = AccentColor;
				CODE_SIGN_STYLE = Automatic;
				CURRENT_PROJECT_VERSION = 1;
				DEVELOPMENT_ASSET_PATHS = "\"RecipeApp/Preview Content\"";
				DEVELOPMENT_TEAM = 9S9GR29B58;
				ENABLE_PREVIEWS = YES;
				GENERATE_INFOPLIST_FILE = YES;
				INFOPLIST_KEY_UIApplicationSceneManifest_Generation = YES;
				INFOPLIST_KEY_UIApplicationSupportsIndirectInputEvents = YES;
				INFOPLIST_KEY_UILaunchScreen_Generation = YES;
				INFOPLIST_KEY_UISupportedInterfaceOrientations_iPad = "UIInterfaceOrientationPortrait UIInterfaceOrientationPortraitUpsideDown UIInterfaceOrientationLandscapeLeft UIInterfaceOrientationLandscapeRight";
				INFOPLIST_KEY_UISupportedInterfaceOrientations_iPhone = "UIInterfaceOrientationPortrait UIInterfaceOrientationLandscapeLeft UIInterfaceOrientationLandscapeRight";
				LD_RUNPATH_SEARCH_PATHS = (
					"$(inherited)",
					"@executable_path/Frameworks",
				);
				MARKETING_VERSION = 1.0;
				PRODUCT_BUNDLE_IDENTIFIER = bholanath.RecipeApp;
				PRODUCT_NAME = "$(TARGET_NAME)";
				SWIFT_EMIT_LOC_STRINGS = YES;
				SWIFT_VERSION = 5.0;
				TARGETED_DEVICE_FAMILY = "1,2";
			};
			name = Debug;
		};
		E5DB1B462C614230009CB7B6 /* Release */ = {
			isa = XCBuildConfiguration;
			buildSettings = {
				ASSETCATALOG_COMPILER_APPICON_NAME = AppIcon;
				ASSETCATALOG_COMPILER_GLOBAL_ACCENT_COLOR_NAME = AccentColor;
				CODE_SIGN_STYLE = Automatic;
				CURRENT_PROJECT_VERSION = 1;
				DEVELOPMENT_ASSET_PATHS = "\"RecipeApp/Preview Content\"";
				DEVELOPMENT_TEAM = 9S9GR29B58;
				ENABLE_PREVIEWS = YES;
				GENERATE_INFOPLIST_FILE = YES;
				INFOPLIST_KEY_UIApplicationSceneManifest_Generation = YES;
				INFOPLIST_KEY_UIApplicationSupportsIndirectInputEvents = YES;
				INFOPLIST_KEY_UILaunchScreen_Generation = YES;
				INFOPLIST_KEY_UISupportedInterfaceOrientations_iPad = "UIInterfaceOrientationPortrait UIInterfaceOrientationPortraitUpsideDown UIInterfaceOrientationLandscapeLeft UIInterfaceOrientationLandscapeRight";
				INFOPLIST_KEY_UISupportedInterfaceOrientations_iPhone = "UIInterfaceOrientationPortrait UIInterfaceOrientationLandscapeLeft UIInterfaceOrientationLandscapeRight";
				LD_RUNPATH_SEARCH_PATHS = (
					"$(inherited)",
					"@executable_path/Frameworks",
				);
				MARKETING_VERSION = 1.0;
				PRODUCT_BUNDLE_IDENTIFIER = bholanath.RecipeApp;
				PRODUCT_NAME = "$(TARGET_NAME)";
				SWIFT_EMIT_LOC_STRINGS = YES;
				SWIFT_VERSION = 5.0;
				TARGETED_DEVICE_FAMILY = "1,2";
			};
			name = Release;
		};
/* End XCBuildConfiguration section */

/* Begin XCConfigurationList section */
		E5DB1B2C2C61422E009CB7B6 /* Build configuration list for PBXProject "RecipeApp" */ = {
			isa = XCConfigurationList;
			buildConfigurations = (
				E5DB1B422C614230009CB7B6 /* Debug */,
				E5DB1B432C614230009CB7B6 /* Release */,
			);
			defaultConfigurationIsVisible = 0;
			defaultConfigurationName = Release;
		};
		E5DB1B442C614230009CB7B6 /* Build configuration list for PBXNativeTarget "RecipeApp" */ = {
			isa = XCConfigurationList;
			buildConfigurations = (
				E5DB1B452C614230009CB7B6 /* Debug */,
				E5DB1B462C614230009CB7B6 /* Release */,
			);
			defaultConfigurationIsVisible = 0;
			defaultConfigurationName = Release;
		};
/* End XCConfigurationList section */

/* Begin XCVersionGroup section */
		E5DB1B3F2C614230009CB7B6 /* RecipeApp.xcdatamodeld */ = {
			isa = XCVersionGroup;
			children = (
				E5DB1B402C614230009CB7B6 /* RecipeApp.xcdatamodel */,
			);
			currentVersion = E5DB1B402C614230009CB7B6 /* RecipeApp.xcdatamodel */;
			path = RecipeApp.xcdatamodeld;
			sourceTree = "<group>";
			versionGroupType = wrapper.xcdatamodel;
		};
/* End XCVersionGroup section */
	};
	rootObject = E5DB1B292C61422E009CB7B6 /* Project object */;
}
