// !$*UTF8*$!
{
	archiveVersion = 1;
	classes = {
	};
	objectVersion = 56;
	objects = {

/* Begin PBXBuildFile section */
		E50DFC712C70D03700FB6CF0 /* AllRecipeViewModel.swift in Sources */ = {isa = PBXBuildFile; fileRef = E50DFC702C70D03700FB6CF0 /* AllRecipeViewModel.swift */; };
		E570AFB22C6545E900F945BE /* RecipeCard.swift in Sources */ = {isa = PBXBuildFile; fileRef = E570AFB12C6545E900F945BE /* RecipeCard.swift */; };
		E576F8D42C73908200D8DE12 /* CreateRecipeForm.swift in Sources */ = {isa = PBXBuildFile; fileRef = E576F8D32C73908200D8DE12 /* CreateRecipeForm.swift */; };
		E576F8D62C73BD8300D8DE12 /* OwnRecipe.swift in Sources */ = {isa = PBXBuildFile; fileRef = E576F8D52C73BD8300D8DE12 /* OwnRecipe.swift */; };
		E589C8362C6DF099000CF7C4 /* AllRecipe.swift in Sources */ = {isa = PBXBuildFile; fileRef = E589C8352C6DF099000CF7C4 /* AllRecipe.swift */; };
		E589C8392C6DF0C6000CF7C4 /* UserRecipe.swift in Sources */ = {isa = PBXBuildFile; fileRef = E589C8382C6DF0C6000CF7C4 /* UserRecipe.swift */; };
		E589C83C2C6DF0FF000CF7C4 /* SavedRecipe.swift in Sources */ = {isa = PBXBuildFile; fileRef = E589C83B2C6DF0FF000CF7C4 /* SavedRecipe.swift */; };
		E589C8422C6E1213000CF7C4 /* Roboto-MediumItalic.ttf in Resources */ = {isa = PBXBuildFile; fileRef = E589C8412C6E1213000CF7C4 /* Roboto-MediumItalic.ttf */; };
		E589C8442C6E132B000CF7C4 /* Roboto-Thin.ttf in Resources */ = {isa = PBXBuildFile; fileRef = E589C8432C6E132B000CF7C4 /* Roboto-Thin.ttf */; };
		E589C8462C6E1349000CF7C4 /* Roboto-Regular.ttf in Resources */ = {isa = PBXBuildFile; fileRef = E589C8452C6E1349000CF7C4 /* Roboto-Regular.ttf */; };
		E589C8482C6E137E000CF7C4 /* Roboto-Bold.ttf in Resources */ = {isa = PBXBuildFile; fileRef = E589C8472C6E137D000CF7C4 /* Roboto-Bold.ttf */; };
		E589C84C2C6E27BF000CF7C4 /* RecipeServices.swift in Sources */ = {isa = PBXBuildFile; fileRef = E589C84B2C6E27BF000CF7C4 /* RecipeServices.swift */; };
		E589C84F2C6E39B0000CF7C4 /* Filter.swift in Sources */ = {isa = PBXBuildFile; fileRef = E589C84E2C6E39B0000CF7C4 /* Filter.swift */; };
		E5AA73B52C76610B001A4D88 /* CreateRecipeValiation.swift in Sources */ = {isa = PBXBuildFile; fileRef = E5AA73B42C76610B001A4D88 /* CreateRecipeValiation.swift */; };
		E5DB1B352C61422E009CB7B6 /* RecipeAppApp.swift in Sources */ = {isa = PBXBuildFile; fileRef = E5DB1B342C61422E009CB7B6 /* RecipeAppApp.swift */; };
		E5DB1B392C614230009CB7B6 /* Assets.xcassets in Resources */ = {isa = PBXBuildFile; fileRef = E5DB1B382C614230009CB7B6 /* Assets.xcassets */; };
		E5DB1B3C2C614230009CB7B6 /* Preview Assets.xcassets in Resources */ = {isa = PBXBuildFile; fileRef = E5DB1B3B2C614230009CB7B6 /* Preview Assets.xcassets */; };
		E5DB1B3E2C614230009CB7B6 /* Persistence.swift in Sources */ = {isa = PBXBuildFile; fileRef = E5DB1B3D2C614230009CB7B6 /* Persistence.swift */; };
		E5DB1B412C614230009CB7B6 /* RecipeApp.xcdatamodeld in Sources */ = {isa = PBXBuildFile; fileRef = E5DB1B3F2C614230009CB7B6 /* RecipeApp.xcdatamodeld */; };
		E5DB1B4E2C61432B009CB7B6 /* MainPage.swift in Sources */ = {isa = PBXBuildFile; fileRef = E5DB1B4D2C61432B009CB7B6 /* MainPage.swift */; };
		E5DB1B532C614414009CB7B6 /* SplashScreen.swift in Sources */ = {isa = PBXBuildFile; fileRef = E5DB1B522C614414009CB7B6 /* SplashScreen.swift */; };
		E5DB1B552C61441C009CB7B6 /* Home.swift in Sources */ = {isa = PBXBuildFile; fileRef = E5DB1B542C61441C009CB7B6 /* Home.swift */; };
		E5DB1B572C614931009CB7B6 /* MealModel.swift in Sources */ = {isa = PBXBuildFile; fileRef = E5DB1B562C614931009CB7B6 /* MealModel.swift */; };
		E5DB1B592C614A8F009CB7B6 /* SingleModel.swift in Sources */ = {isa = PBXBuildFile; fileRef = E5DB1B582C614A8F009CB7B6 /* SingleModel.swift */; };
		E5EB28C72C70D3AF00D9559F /* RecipeDescription.swift in Sources */ = {isa = PBXBuildFile; fileRef = E5EB28C62C70D3AF00D9559F /* RecipeDescription.swift */; };
		E5EB28C92C70DDF000D9559F /* RecipeDetailsViewModel.swift in Sources */ = {isa = PBXBuildFile; fileRef = E5EB28C82C70DDF000D9559F /* RecipeDetailsViewModel.swift */; };
		E5EB28CF2C711AE100D9559F /* YouTubeBtn.swift in Sources */ = {isa = PBXBuildFile; fileRef = E5EB28CE2C711AE100D9559F /* YouTubeBtn.swift */; };
		E5EB28D12C71BECA00D9559F /* SavedViewModel.swift in Sources */ = {isa = PBXBuildFile; fileRef = E5EB28D02C71BECA00D9559F /* SavedViewModel.swift */; };
/* End PBXBuildFile section */

/* Begin PBXFileReference section */
		E50DFC702C70D03700FB6CF0 /* AllRecipeViewModel.swift */ = {isa = PBXFileReference; lastKnownFileType = sourcecode.swift; path = AllRecipeViewModel.swift; sourceTree = "<group>"; };
		E570AFB12C6545E900F945BE /* RecipeCard.swift */ = {isa = PBXFileReference; lastKnownFileType = sourcecode.swift; path = RecipeCard.swift; sourceTree = "<group>"; };
		E576F8D32C73908200D8DE12 /* CreateRecipeForm.swift */ = {isa = PBXFileReference; lastKnownFileType = sourcecode.swift; path = CreateRecipeForm.swift; sourceTree = "<group>"; };
		E576F8D52C73BD8300D8DE12 /* OwnRecipe.swift */ = {isa = PBXFileReference; lastKnownFileType = sourcecode.swift; path = OwnRecipe.swift; sourceTree = "<group>"; };
		E589C8352C6DF099000CF7C4 /* AllRecipe.swift */ = {isa = PBXFileReference; lastKnownFileType = sourcecode.swift; path = AllRecipe.swift; sourceTree = "<group>"; };
		E589C8382C6DF0C6000CF7C4 /* UserRecipe.swift */ = {isa = PBXFileReference; lastKnownFileType = sourcecode.swift; path = UserRecipe.swift; sourceTree = "<group>"; };
		E589C83B2C6DF0FF000CF7C4 /* SavedRecipe.swift */ = {isa = PBXFileReference; lastKnownFileType = sourcecode.swift; path = SavedRecipe.swift; sourceTree = "<group>"; };
		E589C8402C6E1191000CF7C4 /* Info.plist */ = {isa = PBXFileReference; lastKnownFileType = text.plist; path = Info.plist; sourceTree = "<group>"; };
		E589C8412C6E1213000CF7C4 /* Roboto-MediumItalic.ttf */ = {isa = PBXFileReference; lastKnownFileType = file; path = "Roboto-MediumItalic.ttf"; sourceTree = "<group>"; };
		E589C8432C6E132B000CF7C4 /* Roboto-Thin.ttf */ = {isa = PBXFileReference; lastKnownFileType = file; path = "Roboto-Thin.ttf"; sourceTree = "<group>"; };
		E589C8452C6E1349000CF7C4 /* Roboto-Regular.ttf */ = {isa = PBXFileReference; lastKnownFileType = file; path = "Roboto-Regular.ttf"; sourceTree = "<group>"; };
		E589C8472C6E137D000CF7C4 /* Roboto-Bold.ttf */ = {isa = PBXFileReference; lastKnownFileType = file; path = "Roboto-Bold.ttf"; sourceTree = "<group>"; };
		E589C84B2C6E27BF000CF7C4 /* RecipeServices.swift */ = {isa = PBXFileReference; lastKnownFileType = sourcecode.swift; path = RecipeServices.swift; sourceTree = "<group>"; };
		E589C84E2C6E39B0000CF7C4 /* Filter.swift */ = {isa = PBXFileReference; lastKnownFileType = sourcecode.swift; path = Filter.swift; sourceTree = "<group>"; };
		E5AA73B42C76610B001A4D88 /* CreateRecipeValiation.swift */ = {isa = PBXFileReference; lastKnownFileType = sourcecode.swift; path = CreateRecipeValiation.swift; sourceTree = "<group>"; };
		E5DB1B312C61422E009CB7B6 /* RecipeApp.app */ = {isa = PBXFileReference; explicitFileType = wrapper.application; includeInIndex = 0; path = RecipeApp.app; sourceTree = BUILT_PRODUCTS_DIR; };
		E5DB1B342C61422E009CB7B6 /* RecipeAppApp.swift */ = {isa = PBXFileReference; lastKnownFileType = sourcecode.swift; path = RecipeAppApp.swift; sourceTree = "<group>"; };
		E5DB1B382C614230009CB7B6 /* Assets.xcassets */ = {isa = PBXFileReference; lastKnownFileType = folder.assetcatalog; path = Assets.xcassets; sourceTree = "<group>"; };
		E5DB1B3B2C614230009CB7B6 /* Preview Assets.xcassets */ = {isa = PBXFileReference; lastKnownFileType = folder.assetcatalog; path = "Preview Assets.xcassets"; sourceTree = "<group>"; };
		E5DB1B3D2C614230009CB7B6 /* Persistence.swift */ = {isa = PBXFileReference; lastKnownFileType = sourcecode.swift; path = Persistence.swift; sourceTree = "<group>"; };
		E5DB1B402C614230009CB7B6 /* RecipeApp.xcdatamodel */ = {isa = PBXFileReference; lastKnownFileType = wrapper.xcdatamodel; path = RecipeApp.xcdatamodel; sourceTree = "<group>"; };
		E5DB1B4D2C61432B009CB7B6 /* MainPage.swift */ = {isa = PBXFileReference; lastKnownFileType = sourcecode.swift; path = MainPage.swift; sourceTree = "<group>"; };
		E5DB1B522C614414009CB7B6 /* SplashScreen.swift */ = {isa = PBXFileReference; lastKnownFileType = sourcecode.swift; path = SplashScreen.swift; sourceTree = "<group>"; };
		E5DB1B542C61441C009CB7B6 /* Home.swift */ = {isa = PBXFileReference; lastKnownFileType = sourcecode.swift; path = Home.swift; sourceTree = "<group>"; };
		E5DB1B562C614931009CB7B6 /* MealModel.swift */ = {isa = PBXFileReference; lastKnownFileType = sourcecode.swift; path = MealModel.swift; sourceTree = "<group>"; };
		E5DB1B582C614A8F009CB7B6 /* SingleModel.swift */ = {isa = PBXFileReference; lastKnownFileType = sourcecode.swift; path = SingleModel.swift; sourceTree = "<group>"; };
		E5EA91E42C68E3CF00CF276B /* RecipeApp.entitlements */ = {isa = PBXFileReference; lastKnownFileType = text.plist.entitlements; path = RecipeApp.entitlements; sourceTree = "<group>"; };
		E5EB28C62C70D3AF00D9559F /* RecipeDescription.swift */ = {isa = PBXFileReference; lastKnownFileType = sourcecode.swift; path = RecipeDescription.swift; sourceTree = "<group>"; };
		E5EB28C82C70DDF000D9559F /* RecipeDetailsViewModel.swift */ = {isa = PBXFileReference; lastKnownFileType = sourcecode.swift; path = RecipeDetailsViewModel.swift; sourceTree = "<group>"; };
		E5EB28CE2C711AE100D9559F /* YouTubeBtn.swift */ = {isa = PBXFileReference; lastKnownFileType = sourcecode.swift; path = YouTubeBtn.swift; sourceTree = "<group>"; };
		E5EB28D02C71BECA00D9559F /* SavedViewModel.swift */ = {isa = PBXFileReference; lastKnownFileType = sourcecode.swift; path = SavedViewModel.swift; sourceTree = "<group>"; };
/* End PBXFileReference section */

/* Begin PBXFrameworksBuildPhase section */
		E5DB1B2E2C61422E009CB7B6 /* Frameworks */ = {
			isa = PBXFrameworksBuildPhase;
			buildActionMask = 2147483647;
			files = (
			);
			runOnlyForDeploymentPostprocessing = 0;
		};
/* End PBXFrameworksBuildPhase section */

/* Begin PBXGroup section */
		E570AFAC2C6544BE00F945BE /* Shared */ = {
			isa = PBXGroup;
			children = (
				E5EB28CA2C711AB200D9559F /* YouTubeBtn */,
				E589C84D2C6E39A3000CF7C4 /* Filter */,
				E570AFAE2C6545B700F945BE /* OwnRecipeCard */,
				E570AFAD2C65459700F945BE /* RecipeCard */,
			);
			path = Shared;
			sourceTree = "<group>";
		};
		E570AFAD2C65459700F945BE /* RecipeCard */ = {
			isa = PBXGroup;
			children = (
				E570AFB12C6545E900F945BE /* RecipeCard.swift */,
			);
			path = RecipeCard;
			sourceTree = "<group>";
		};
		E570AFAE2C6545B700F945BE /* OwnRecipeCard */ = {
			isa = PBXGroup;
			children = (
			);
			path = OwnRecipeCard;
			sourceTree = "<group>";
		};
		E576F8D02C73903800D8DE12 /* CreateRecipeForm */ = {
			isa = PBXGroup;
			children = (
				E576F8D32C73908200D8DE12 /* CreateRecipeForm.swift */,
			);
			path = CreateRecipeForm;
			sourceTree = "<group>";
		};
		E589C8342C6DF080000CF7C4 /* AllRecipe */ = {
			isa = PBXGroup;
			children = (
				E589C8352C6DF099000CF7C4 /* AllRecipe.swift */,
			);
			path = AllRecipe;
			sourceTree = "<group>";
		};
		E589C8372C6DF0B5000CF7C4 /* UserRecipe */ = {
			isa = PBXGroup;
			children = (
				E589C8382C6DF0C6000CF7C4 /* UserRecipe.swift */,
			);
			path = UserRecipe;
			sourceTree = "<group>";
		};
		E589C83A2C6DF0EF000CF7C4 /* SavedRecipe */ = {
			isa = PBXGroup;
			children = (
				E589C83B2C6DF0FF000CF7C4 /* SavedRecipe.swift */,
			);
			path = SavedRecipe;
			sourceTree = "<group>";
		};
		E589C83D2C6E1041000CF7C4 /* Font */ = {
			isa = PBXGroup;
			children = (
				E589C8412C6E1213000CF7C4 /* Roboto-MediumItalic.ttf */,
				E589C8432C6E132B000CF7C4 /* Roboto-Thin.ttf */,
				E589C8452C6E1349000CF7C4 /* Roboto-Regular.ttf */,
				E589C8472C6E137D000CF7C4 /* Roboto-Bold.ttf */,
			);
			path = Font;
			sourceTree = "<group>";
		};
		E589C84D2C6E39A3000CF7C4 /* Filter */ = {
			isa = PBXGroup;
			children = (
				E589C84E2C6E39B0000CF7C4 /* Filter.swift */,
			);
			path = Filter;
			sourceTree = "<group>";
		};
		E5AA73B32C7660FA001A4D88 /* Validation */ = {
			isa = PBXGroup;
			children = (
				E5AA73B42C76610B001A4D88 /* CreateRecipeValiation.swift */,
			);
			path = Validation;
			sourceTree = "<group>";
		};
		E5DB1B282C61422E009CB7B6 = {
			isa = PBXGroup;
			children = (
				E5DB1B332C61422E009CB7B6 /* RecipeApp */,
				E5DB1B322C61422E009CB7B6 /* Products */,
			);
			sourceTree = "<group>";
		};
		E5DB1B322C61422E009CB7B6 /* Products */ = {
			isa = PBXGroup;
			children = (
				E5DB1B312C61422E009CB7B6 /* RecipeApp.app */,
			);
			name = Products;
			sourceTree = "<group>";
		};
		E5DB1B332C61422E009CB7B6 /* RecipeApp */ = {
			isa = PBXGroup;
			children = (
				E589C8402C6E1191000CF7C4 /* Info.plist */,
				E5EA91E42C68E3CF00CF276B /* RecipeApp.entitlements */,
				E5AA73B32C7660FA001A4D88 /* Validation */,
				E589C83D2C6E1041000CF7C4 /* Font */,
				E570AFAC2C6544BE00F945BE /* Shared */,
				E5DB1B4A2C6142DA009CB7B6 /* Screen */,
				E5DB1B492C6142D3009CB7B6 /* ViewModel */,
				E5DB1B482C6142C8009CB7B6 /* Model */,
				E5DB1B472C6142B4009CB7B6 /* Services */,
				E5DB1B342C61422E009CB7B6 /* RecipeAppApp.swift */,
				E5DB1B382C614230009CB7B6 /* Assets.xcassets */,
				E5DB1B3D2C614230009CB7B6 /* Persistence.swift */,
				E5DB1B3F2C614230009CB7B6 /* RecipeApp.xcdatamodeld */,
				E5DB1B3A2C614230009CB7B6 /* Preview Content */,
			);
			path = RecipeApp;
			sourceTree = "<group>";
		};
		E5DB1B3A2C614230009CB7B6 /* Preview Content */ = {
			isa = PBXGroup;
			children = (
				E5DB1B3B2C614230009CB7B6 /* Preview Assets.xcassets */,
			);
			path = "Preview Content";
			sourceTree = "<group>";
		};
		E5DB1B472C6142B4009CB7B6 /* Services */ = {
			isa = PBXGroup;
			children = (
				E589C84B2C6E27BF000CF7C4 /* RecipeServices.swift */,
			);
			path = Services;
			sourceTree = "<group>";
		};
		E5DB1B482C6142C8009CB7B6 /* Model */ = {
			isa = PBXGroup;
			children = (
				E5DB1B562C614931009CB7B6 /* MealModel.swift */,
				E5DB1B582C614A8F009CB7B6 /* SingleModel.swift */,
				E576F8D52C73BD8300D8DE12 /* OwnRecipe.swift */,
			);
			path = Model;
			sourceTree = "<group>";
		};
		E5DB1B492C6142D3009CB7B6 /* ViewModel */ = {
			isa = PBXGroup;
			children = (
				E50DFC702C70D03700FB6CF0 /* AllRecipeViewModel.swift */,
				E5EB28C82C70DDF000D9559F /* RecipeDetailsViewModel.swift */,
				E5EB28D02C71BECA00D9559F /* SavedViewModel.swift */,
			);
			path = ViewModel;
			sourceTree = "<group>";
		};
		E5DB1B4A2C6142DA009CB7B6 /* Screen */ = {
			isa = PBXGroup;
			children = (
				E576F8D02C73903800D8DE12 /* CreateRecipeForm */,
				E5EB28C32C70D38E00D9559F /* RecipeDescription */,
				E589C83A2C6DF0EF000CF7C4 /* SavedRecipe */,
				E589C8372C6DF0B5000CF7C4 /* UserRecipe */,
				E589C8342C6DF080000CF7C4 /* AllRecipe */,
				E5DB1B512C6143DE009CB7B6 /* Home */,
				E5DB1B502C6143B5009CB7B6 /* MainPage */,
				E5DB1B4F2C61439B009CB7B6 /* SplashScreen */,
			);
			path = Screen;
			sourceTree = "<group>";
		};
		E5DB1B4F2C61439B009CB7B6 /* SplashScreen */ = {
			isa = PBXGroup;
			children = (
				E5DB1B522C614414009CB7B6 /* SplashScreen.swift */,
			);
			path = SplashScreen;
			sourceTree = "<group>";
		};
		E5DB1B502C6143B5009CB7B6 /* MainPage */ = {
			isa = PBXGroup;
			children = (
				E5DB1B4D2C61432B009CB7B6 /* MainPage.swift */,
			);
			path = MainPage;
			sourceTree = "<group>";
		};
		E5DB1B512C6143DE009CB7B6 /* Home */ = {
			isa = PBXGroup;
			children = (
				E5DB1B542C61441C009CB7B6 /* Home.swift */,
			);
			path = Home;
			sourceTree = "<group>";
		};
		E5EB28C32C70D38E00D9559F /* RecipeDescription */ = {
			isa = PBXGroup;
			children = (
				E5EB28C62C70D3AF00D9559F /* RecipeDescription.swift */,
			);
			path = RecipeDescription;
			sourceTree = "<group>";
		};
		E5EB28CA2C711AB200D9559F /* YouTubeBtn */ = {
			isa = PBXGroup;
			children = (
				E5EB28CE2C711AE100D9559F /* YouTubeBtn.swift */,
			);
			path = YouTubeBtn;
			sourceTree = "<group>";
		};
/* End PBXGroup section */

/* Begin PBXNativeTarget section */
		E5DB1B302C61422E009CB7B6 /* RecipeApp */ = {
			isa = PBXNativeTarget;
			buildConfigurationList = E5DB1B442C614230009CB7B6 /* Build configuration list for PBXNativeTarget "RecipeApp" */;
			buildPhases = (
				E5DB1B2D2C61422E009CB7B6 /* Sources */,
				E5DB1B2E2C61422E009CB7B6 /* Frameworks */,
				E5DB1B2F2C61422E009CB7B6 /* Resources */,
			);
			buildRules = (
			);
			dependencies = (
			);
			name = RecipeApp;
			productName = RecipeApp;
			productReference = E5DB1B312C61422E009CB7B6 /* RecipeApp.app */;
			productType = "com.apple.product-type.application";
		};
/* End PBXNativeTarget section */

/* Begin PBXProject section */
		E5DB1B292C61422E009CB7B6 /* Project object */ = {
			isa = PBXProject;
			attributes = {
				BuildIndependentTargetsInParallel = 1;
				LastSwiftUpdateCheck = 1540;
				LastUpgradeCheck = 1540;
				TargetAttributes = {
					E5DB1B302C61422E009CB7B6 = {
						CreatedOnToolsVersion = 15.4;
					};
				};
			};
			buildConfigurationList = E5DB1B2C2C61422E009CB7B6 /* Build configuration list for PBXProject "RecipeApp" */;
			compatibilityVersion = "Xcode 14.0";
			developmentRegion = en;
			hasScannedForEncodings = 0;
			knownRegions = (
				en,
				Base,
			);
			mainGroup = E5DB1B282C61422E009CB7B6;
			productRefGroup = E5DB1B322C61422E009CB7B6 /* Products */;
			projectDirPath = "";
			projectRoot = "";
			targets = (
				E5DB1B302C61422E009CB7B6 /* RecipeApp */,
			);
		};
/* End PBXProject section */

/* Begin PBXResourcesBuildPhase section */
		E5DB1B2F2C61422E009CB7B6 /* Resources */ = {
			isa = PBXResourcesBuildPhase;
			buildActionMask = 2147483647;
			files = (
				E589C8442C6E132B000CF7C4 /* Roboto-Thin.ttf in Resources */,
				E5DB1B3C2C614230009CB7B6 /* Preview Assets.xcassets in Resources */,
				E589C8482C6E137E000CF7C4 /* Roboto-Bold.ttf in Resources */,
				E589C8462C6E1349000CF7C4 /* Roboto-Regular.ttf in Resources */,
				E589C8422C6E1213000CF7C4 /* Roboto-MediumItalic.ttf in Resources */,
				E5DB1B392C614230009CB7B6 /* Assets.xcassets in Resources */,
			);
			runOnlyForDeploymentPostprocessing = 0;
		};
/* End PBXResourcesBuildPhase section */

/* Begin PBXSourcesBuildPhase section */
		E5DB1B2D2C61422E009CB7B6 /* Sources */ = {
			isa = PBXSourcesBuildPhase;
			buildActionMask = 2147483647;
			files = (
				E5EB28CF2C711AE100D9559F /* YouTubeBtn.swift in Sources */,
				E5DB1B572C614931009CB7B6 /* MealModel.swift in Sources */,
				E5EB28D12C71BECA00D9559F /* SavedViewModel.swift in Sources */,
				E589C84C2C6E27BF000CF7C4 /* RecipeServices.swift in Sources */,
				E5DB1B532C614414009CB7B6 /* SplashScreen.swift in Sources */,
				E5AA73B52C76610B001A4D88 /* CreateRecipeValiation.swift in Sources */,
				E570AFB22C6545E900F945BE /* RecipeCard.swift in Sources */,
				E5DB1B592C614A8F009CB7B6 /* SingleModel.swift in Sources */,
				E5DB1B4E2C61432B009CB7B6 /* MainPage.swift in Sources */,
				E50DFC712C70D03700FB6CF0 /* AllRecipeViewModel.swift in Sources */,
				E589C8392C6DF0C6000CF7C4 /* UserRecipe.swift in Sources */,
				E576F8D62C73BD8300D8DE12 /* OwnRecipe.swift in Sources */,
				E589C84F2C6E39B0000CF7C4 /* Filter.swift in Sources */,
				E5DB1B3E2C614230009CB7B6 /* Persistence.swift in Sources */,
				E5EB28C92C70DDF000D9559F /* RecipeDetailsViewModel.swift in Sources */,
				E576F8D42C73908200D8DE12 /* CreateRecipeForm.swift in Sources */,
				E5DB1B352C61422E009CB7B6 /* RecipeAppApp.swift in Sources */,
				E5DB1B552C61441C009CB7B6 /* Home.swift in Sources */,
				E5DB1B412C614230009CB7B6 /* RecipeApp.xcdatamodeld in Sources */,
				E589C8362C6DF099000CF7C4 /* AllRecipe.swift in Sources */,
				E5EB28C72C70D3AF00D9559F /* RecipeDescription.swift in Sources */,
				E589C83C2C6DF0FF000CF7C4 /* SavedRecipe.swift in Sources */,
			);
			runOnlyForDeploymentPostprocessing = 0;
		};
/* End PBXSourcesBuildPhase section */

/* Begin XCBuildConfiguration section */
		E5DB1B422C614230009CB7B6 /* Debug */ = {
			isa = XCBuildConfiguration;
			buildSettings = {
				ALWAYS_SEARCH_USER_PATHS = NO;
				ASSETCATALOG_COMPILER_GENERATE_SWIFT_ASSET_SYMBOL_EXTENSIONS = YES;
				CLANG_ANALYZER_NONNULL = YES;
				CLANG_ANALYZER_NUMBER_OBJECT_CONVERSION = YES_AGGRESSIVE;
				CLANG_CXX_LANGUAGE_STANDARD = "gnu++20";
				CLANG_ENABLE_MODULES = YES;
				CLANG_ENABLE_OBJC_ARC = YES;
				CLANG_ENABLE_OBJC_WEAK = YES;
				CLANG_WARN_BLOCK_CAPTURE_AUTORELEASING = YES;
				CLANG_WARN_BOOL_CONVERSION = YES;
				CLANG_WARN_COMMA = YES;
				CLANG_WARN_CONSTANT_CONVERSION = YES;
				CLANG_WARN_DEPRECATED_OBJC_IMPLEMENTATIONS = YES;
				CLANG_WARN_DIRECT_OBJC_ISA_USAGE = YES_ERROR;
				CLANG_WARN_DOCUMENTATION_COMMENTS = YES;
				CLANG_WARN_EMPTY_BODY = YES;
				CLANG_WARN_ENUM_CONVERSION = YES;
				CLANG_WARN_INFINITE_RECURSION = YES;
				CLANG_WARN_INT_CONVERSION = YES;
				CLANG_WARN_NON_LITERAL_NULL_CONVERSION = YES;
				CLANG_WARN_OBJC_IMPLICIT_RETAIN_SELF = YES;
				CLANG_WARN_OBJC_LITERAL_CONVERSION = YES;
				CLANG_WARN_OBJC_ROOT_CLASS = YES_ERROR;
				CLANG_WARN_QUOTED_INCLUDE_IN_FRAMEWORK_HEADER = YES;
				CLANG_WARN_RANGE_LOOP_ANALYSIS = YES;
				CLANG_WARN_STRICT_PROTOTYPES = YES;
				CLANG_WARN_SUSPICIOUS_MOVE = YES;
				CLANG_WARN_UNGUARDED_AVAILABILITY = YES_AGGRESSIVE;
				CLANG_WARN_UNREACHABLE_CODE = YES;
				CLANG_WARN__DUPLICATE_METHOD_MATCH = YES;
				COPY_PHASE_STRIP = NO;
				DEBUG_INFORMATION_FORMAT = dwarf;
				ENABLE_STRICT_OBJC_MSGSEND = YES;
				ENABLE_TESTABILITY = YES;
				ENABLE_USER_SCRIPT_SANDBOXING = YES;
				GCC_C_LANGUAGE_STANDARD = gnu17;
				GCC_DYNAMIC_NO_PIC = NO;
				GCC_NO_COMMON_BLOCKS = YES;
				GCC_OPTIMIZATION_LEVEL = 0;
				GCC_PREPROCESSOR_DEFINITIONS = (
					"DEBUG=1",
					"$(inherited)",
				);
				GCC_WARN_64_TO_32_BIT_CONVERSION = YES;
				GCC_WARN_ABOUT_RETURN_TYPE = YES_ERROR;
				GCC_WARN_UNDECLARED_SELECTOR = YES;
				GCC_WARN_UNINITIALIZED_AUTOS = YES_AGGRESSIVE;
				GCC_WARN_UNUSED_FUNCTION = YES;
				GCC_WARN_UNUSED_VARIABLE = YES;
				IPHONEOS_DEPLOYMENT_TARGET = 17.5;
				LOCALIZATION_PREFERS_STRING_CATALOGS = YES;
				MTL_ENABLE_DEBUG_INFO = INCLUDE_SOURCE;
				MTL_FAST_MATH = YES;
				ONLY_ACTIVE_ARCH = YES;
				SDKROOT = iphoneos;
				SWIFT_ACTIVE_COMPILATION_CONDITIONS = "DEBUG $(inherited)";
				SWIFT_OPTIMIZATION_LEVEL = "-Onone";
			};
			name = Debug;
		};
		E5DB1B432C614230009CB7B6 /* Release */ = {
			isa = XCBuildConfiguration;
			buildSettings = {
				ALWAYS_SEARCH_USER_PATHS = NO;
				ASSETCATALOG_COMPILER_GENERATE_SWIFT_ASSET_SYMBOL_EXTENSIONS = YES;
				CLANG_ANALYZER_NONNULL = YES;
				CLANG_ANALYZER_NUMBER_OBJECT_CONVERSION = YES_AGGRESSIVE;
				CLANG_CXX_LANGUAGE_STANDARD = "gnu++20";
				CLANG_ENABLE_MODULES = YES;
				CLANG_ENABLE_OBJC_ARC = YES;
				CLANG_ENABLE_OBJC_WEAK = YES;
				CLANG_WARN_BLOCK_CAPTURE_AUTORELEASING = YES;
				CLANG_WARN_BOOL_CONVERSION = YES;
				CLANG_WARN_COMMA = YES;
				CLANG_WARN_CONSTANT_CONVERSION = YES;
				CLANG_WARN_DEPRECATED_OBJC_IMPLEMENTATIONS = YES;
				CLANG_WARN_DIRECT_OBJC_ISA_USAGE = YES_ERROR;
				CLANG_WARN_DOCUMENTATION_COMMENTS = YES;
				CLANG_WARN_EMPTY_BODY = YES;
				CLANG_WARN_ENUM_CONVERSION = YES;
				CLANG_WARN_INFINITE_RECURSION = YES;
				CLANG_WARN_INT_CONVERSION = YES;
				CLANG_WARN_NON_LITERAL_NULL_CONVERSION = YES;
				CLANG_WARN_OBJC_IMPLICIT_RETAIN_SELF = YES;
				CLANG_WARN_OBJC_LITERAL_CONVERSION = YES;
				CLANG_WARN_OBJC_ROOT_CLASS = YES_ERROR;
				CLANG_WARN_QUOTED_INCLUDE_IN_FRAMEWORK_HEADER = YES;
				CLANG_WARN_RANGE_LOOP_ANALYSIS = YES;
				CLANG_WARN_STRICT_PROTOTYPES = YES;
				CLANG_WARN_SUSPICIOUS_MOVE = YES;
				CLANG_WARN_UNGUARDED_AVAILABILITY = YES_AGGRESSIVE;
				CLANG_WARN_UNREACHABLE_CODE = YES;
				CLANG_WARN__DUPLICATE_METHOD_MATCH = YES;
				COPY_PHASE_STRIP = NO;
				DEBUG_INFORMATION_FORMAT = "dwarf-with-dsym";
				ENABLE_NS_ASSERTIONS = NO;
				ENABLE_STRICT_OBJC_MSGSEND = YES;
				ENABLE_USER_SCRIPT_SANDBOXING = YES;
				GCC_C_LANGUAGE_STANDARD = gnu17;
				GCC_NO_COMMON_BLOCKS = YES;
				GCC_WARN_64_TO_32_BIT_CONVERSION = YES;
				GCC_WARN_ABOUT_RETURN_TYPE = YES_ERROR;
				GCC_WARN_UNDECLARED_SELECTOR = YES;
				GCC_WARN_UNINITIALIZED_AUTOS = YES_AGGRESSIVE;
				GCC_WARN_UNUSED_FUNCTION = YES;
				GCC_WARN_UNUSED_VARIABLE = YES;
				IPHONEOS_DEPLOYMENT_TARGET = 17.5;
				LOCALIZATION_PREFERS_STRING_CATALOGS = YES;
				MTL_ENABLE_DEBUG_INFO = NO;
				MTL_FAST_MATH = YES;
				SDKROOT = iphoneos;
				SWIFT_COMPILATION_MODE = wholemodule;
				VALIDATE_PRODUCT = YES;
			};
			name = Release;
		};
		E5DB1B452C614230009CB7B6 /* Debug */ = {
			isa = XCBuildConfiguration;
			buildSettings = {
				ASSETCATALOG_COMPILER_APPICON_NAME = AppIcon;
				ASSETCATALOG_COMPILER_GLOBAL_ACCENT_COLOR_NAME = AccentColor;
				CODE_SIGN_ENTITLEMENTS = RecipeApp/RecipeApp.entitlements;
				CODE_SIGN_STYLE = Manual;
				CURRENT_PROJECT_VERSION = 1;
				DEVELOPMENT_ASSET_PATHS = "\"RecipeApp/Preview Content\"";
				DEVELOPMENT_TEAM = "";
				ENABLE_PREVIEWS = YES;
				GENERATE_INFOPLIST_FILE = YES;
				INFOPLIST_FILE = RecipeApp/Info.plist;
				INFOPLIST_KEY_UIApplicationSceneManifest_Generation = YES;
				INFOPLIST_KEY_UIApplicationSupportsIndirectInputEvents = YES;
				INFOPLIST_KEY_UILaunchScreen_Generation = YES;
				INFOPLIST_KEY_UISupportedInterfaceOrientations_iPad = "UIInterfaceOrientationPortrait UIInterfaceOrientationPortraitUpsideDown UIInterfaceOrientationLandscapeLeft UIInterfaceOrientationLandscapeRight";
				INFOPLIST_KEY_UISupportedInterfaceOrientations_iPhone = "UIInterfaceOrientationPortrait UIInterfaceOrientationLandscapeLeft UIInterfaceOrientationLandscapeRight";
				LD_RUNPATH_SEARCH_PATHS = (
					"$(inherited)",
					"@executable_path/Frameworks",
				);
				MARKETING_VERSION = 1.0;
				PRODUCT_BUNDLE_IDENTIFIER = bholanath.RecipeApp;
				PRODUCT_NAME = "$(TARGET_NAME)";
				PROVISIONING_PROFILE_SPECIFIER = "";
				SWIFT_EMIT_LOC_STRINGS = YES;
				SWIFT_VERSION = 5.0;
				TARGETED_DEVICE_FAMILY = "1,2";
			};
			name = Debug;
		};
		E5DB1B462C614230009CB7B6 /* Release */ = {
			isa = XCBuildConfiguration;
			buildSettings = {
				ASSETCATALOG_COMPILER_APPICON_NAME = AppIcon;
				ASSETCATALOG_COMPILER_GLOBAL_ACCENT_COLOR_NAME = AccentColor;
				CODE_SIGN_ENTITLEMENTS = RecipeApp/RecipeApp.entitlements;
				CODE_SIGN_STYLE = Manual;
				CURRENT_PROJECT_VERSION = 1;
				DEVELOPMENT_ASSET_PATHS = "\"RecipeApp/Preview Content\"";
				DEVELOPMENT_TEAM = "";
				ENABLE_PREVIEWS = YES;
				GENERATE_INFOPLIST_FILE = YES;
				INFOPLIST_FILE = RecipeApp/Info.plist;
				INFOPLIST_KEY_UIApplicationSceneManifest_Generation = YES;
				INFOPLIST_KEY_UIApplicationSupportsIndirectInputEvents = YES;
				INFOPLIST_KEY_UILaunchScreen_Generation = YES;
				INFOPLIST_KEY_UISupportedInterfaceOrientations_iPad = "UIInterfaceOrientationPortrait UIInterfaceOrientationPortraitUpsideDown UIInterfaceOrientationLandscapeLeft UIInterfaceOrientationLandscapeRight";
				INFOPLIST_KEY_UISupportedInterfaceOrientations_iPhone = "UIInterfaceOrientationPortrait UIInterfaceOrientationLandscapeLeft UIInterfaceOrientationLandscapeRight";
				LD_RUNPATH_SEARCH_PATHS = (
					"$(inherited)",
					"@executable_path/Frameworks",
				);
				MARKETING_VERSION = 1.0;
				PRODUCT_BUNDLE_IDENTIFIER = bholanath.RecipeApp;
				PRODUCT_NAME = "$(TARGET_NAME)";
				PROVISIONING_PROFILE_SPECIFIER = "";
				SWIFT_EMIT_LOC_STRINGS = YES;
				SWIFT_VERSION = 5.0;
				TARGETED_DEVICE_FAMILY = "1,2";
			};
			name = Release;
		};
/* End XCBuildConfiguration section */

/* Begin XCConfigurationList section */
		E5DB1B2C2C61422E009CB7B6 /* Build configuration list for PBXProject "RecipeApp" */ = {
			isa = XCConfigurationList;
			buildConfigurations = (
				E5DB1B422C614230009CB7B6 /* Debug */,
				E5DB1B432C614230009CB7B6 /* Release */,
			);
			defaultConfigurationIsVisible = 0;
			defaultConfigurationName = Release;
		};
		E5DB1B442C614230009CB7B6 /* Build configuration list for PBXNativeTarget "RecipeApp" */ = {
			isa = XCConfigurationList;
			buildConfigurations = (
				E5DB1B452C614230009CB7B6 /* Debug */,
				E5DB1B462C614230009CB7B6 /* Release */,
			);
			defaultConfigurationIsVisible = 0;
			defaultConfigurationName = Release;
		};
/* End XCConfigurationList section */

/* Begin XCVersionGroup section */
		E5DB1B3F2C614230009CB7B6 /* RecipeApp.xcdatamodeld */ = {
			isa = XCVersionGroup;
			children = (
				E5DB1B402C614230009CB7B6 /* RecipeApp.xcdatamodel */,
			);
			currentVersion = E5DB1B402C614230009CB7B6 /* RecipeApp.xcdatamodel */;
			path = RecipeApp.xcdatamodeld;
			sourceTree = "<group>";
			versionGroupType = wrapper.xcdatamodel;
		};
/* End XCVersionGroup section */
	};
	rootObject = E5DB1B292C61422E009CB7B6 /* Project object */;
}
